
Microsoft Visual Studio Solution File, Format Version 12.00
# Visual Studio Version 17
VisualStudioVersion = 17.12.35707.178 d17.12
MinimumVisualStudioVersion = 10.0.40219.1
Project("{2150E333-8FDC-42A3-9474-1A3956D46DE8}") = "01. Contract", "01. Contract", "{6F50CF2E-EA73-4E9D-BCDA-B20B60B90265}"
EndProject
Project("{2150E333-8FDC-42A3-9474-1A3956D46DE8}") = "02. Common", "02. Common", "{5F97F47F-7AA8-4560-B0C6-7B1A3CC004EA}"
	ProjectSection(SolutionItems) = preProject
		UserInfo.cs = UserInfo.cs
	EndProjectSection
EndProject
Project("{2150E333-8FDC-42A3-9474-1A3956D46DE8}") = "03. Dac", "03. Dac", "{136C71C7-2BAC-420F-8448-FA43A331C230}"
EndProject
Project("{2150E333-8FDC-42A3-9474-1A3956D46DE8}") = "04. Biz", "04. Biz", "{3FEA25DB-7416-44C1-A522-E7C1D78019E2}"
EndProject
Project("{2150E333-8FDC-42A3-9474-1A3956D46DE8}") = "05. Web", "05. Web", "{F785352A-0C5D-4DE0-955A-3E1CC5968C35}"
EndProject
Project("{FAE04EC0-301F-11D3-BF4B-00C04F79EFBC}") = "Contract", "Contract\Contract.csproj", "{9538F6E6-6411-4EE5-B398-B4A063CF586E}"
EndProject
Project("{FAE04EC0-301F-11D3-BF4B-00C04F79EFBC}") = "Common", "Common\Common.csproj", "{C4A1E418-0FD8-4765-A7A4-E8C895791E5C}"
EndProject
Project("{FAE04EC0-301F-11D3-BF4B-00C04F79EFBC}") = "Dac", "Dac\Dac.csproj", "{6B7D29AD-9E16-44F6-ABBF-04EB18DC50D5}"
EndProject
Project("{FAE04EC0-301F-11D3-BF4B-00C04F79EFBC}") = "Biz", "Biz\Biz.csproj", "{B508068A-F33B-4A4C-9388-7D03154F83C1}"
EndProject
Project("{FAE04EC0-301F-11D3-BF4B-00C04F79EFBC}") = "Web", "Web\Web.csproj", "{6592A17A-824E-494F-BB14-679BDDA87F72}"
EndProject
Global
	GlobalSection(SolutionConfigurationPlatforms) = preSolution
		Debug|Any CPU = Debug|Any CPU
		Release|Any CPU = Release|Any CPU
	EndGlobalSection
	GlobalSection(ProjectConfigurationPlatforms) = postSolution
		{9538F6E6-6411-4EE5-B398-B4A063CF586E}.Debug|Any CPU.ActiveCfg = Debug|Any CPU
		{9538F6E6-6411-4EE5-B398-B4A063CF586E}.Debug|Any CPU.Build.0 = Debug|Any CPU
		{9538F6E6-6411-4EE5-B398-B4A063CF586E}.Release|Any CPU.ActiveCfg = Release|Any CPU
		{9538F6E6-6411-4EE5-B398-B4A063CF586E}.Release|Any CPU.Build.0 = Release|Any CPU
		{C4A1E418-0FD8-4765-A7A4-E8C895791E5C}.Debug|Any CPU.ActiveCfg = Debug|Any CPU
		{C4A1E418-0FD8-4765-A7A4-E8C895791E5C}.Debug|Any CPU.Build.0 = Debug|Any CPU
		{C4A1E418-0FD8-4765-A7A4-E8C895791E5C}.Release|Any CPU.ActiveCfg = Release|Any CPU
		{C4A1E418-0FD8-4765-A7A4-E8C895791E5C}.Release|Any CPU.Build.0 = Release|Any CPU
		{6B7D29AD-9E16-44F6-ABBF-04EB18DC50D5}.Debug|Any CPU.ActiveCfg = Debug|Any CPU
		{6B7D29AD-9E16-44F6-ABBF-04EB18DC50D5}.Debug|Any CPU.Build.0 = Debug|Any CPU
		{6B7D29AD-9E16-44F6-ABBF-04EB18DC50D5}.Release|Any CPU.ActiveCfg = Release|Any CPU
		{6B7D29AD-9E16-44F6-ABBF-04EB18DC50D5}.Release|Any CPU.Build.0 = Release|Any CPU
		{B508068A-F33B-4A4C-9388-7D03154F83C1}.Debug|Any CPU.ActiveCfg = Debug|Any CPU
		{B508068A-F33B-4A4C-9388-7D03154F83C1}.Debug|Any CPU.Build.0 = Debug|Any CPU
		{B508068A-F33B-4A4C-9388-7D03154F83C1}.Release|Any CPU.ActiveCfg = Release|Any CPU
		{B508068A-F33B-4A4C-9388-7D03154F83C1}.Release|Any CPU.Build.0 = Release|Any CPU
		{6592A17A-824E-494F-BB14-679BDDA87F72}.Debug|Any CPU.ActiveCfg = Debug|Any CPU
		{6592A17A-824E-494F-BB14-679BDDA87F72}.Debug|Any CPU.Build.0 = Debug|Any CPU
		{6592A17A-824E-494F-BB14-679BDDA87F72}.Release|Any CPU.ActiveCfg = Release|Any CPU
		{6592A17A-824E-494F-BB14-679BDDA87F72}.Release|Any CPU.Build.0 = Release|Any CPU
	EndGlobalSection
	GlobalSection(SolutionProperties) = preSolution
		HideSolutionNode = FALSE
	EndGlobalSection
	GlobalSection(NestedProjects) = preSolution
		{9538F6E6-6411-4EE5-B398-B4A063CF586E} = {6F50CF2E-EA73-4E9D-BCDA-B20B60B90265}
		{C4A1E418-0FD8-4765-A7A4-E8C895791E5C} = {5F97F47F-7AA8-4560-B0C6-7B1A3CC004EA}
		{6B7D29AD-9E16-44F6-ABBF-04EB18DC50D5} = {136C71C7-2BAC-420F-8448-FA43A331C230}
		{B508068A-F33B-4A4C-9388-7D03154F83C1} = {3FEA25DB-7416-44C1-A522-E7C1D78019E2}
		{6592A17A-824E-494F-BB14-679BDDA87F72} = {F785352A-0C5D-4DE0-955A-3E1CC5968C35}
	EndGlobalSection
EndGlobal
